
Microsoft Visual Studio Solution File, Format Version 12.00
Project("{FAE04EC0-301F-11D3-BF4B-00C04F79EFBC}") = "Catalog.API", "Services\Catalog\Catalog.API\Catalog.API.csproj", "{0D3B63C4-D002-408D-9173-985398A6AF1B}"
EndProject
Global
	GlobalSection(SolutionConfigurationPlatforms) = preSolution
		Debug|Any CPU = Debug|Any CPU
		Release|Any CPU = Release|Any CPU
	EndGlobalSection
	GlobalSection(ProjectConfigurationPlatforms) = postSolution
		{0D3B63C4-D002-408D-9173-985398A6AF1B}.Debug|Any CPU.ActiveCfg = Debug|Any CPU
		{0D3B63C4-D002-408D-9173-985398A6AF1B}.Debug|Any CPU.Build.0 = Debug|Any CPU
		{0D3B63C4-D002-408D-9173-985398A6AF1B}.Release|Any CPU.ActiveCfg = Release|Any CPU
		{0D3B63C4-D002-408D-9173-985398A6AF1B}.Release|Any CPU.Build.0 = Release|Any CPU
	EndGlobalSection
EndGlobal
