
Microsoft Visual Studio Solution File, Format Version 12.00
Project("{FAE04EC0-301F-11D3-BF4B-00C04F79EFBC}") = "Catalog.API", "Services\Catalog\Catalog.API\Catalog.API.csproj", "{0D3B63C4-D002-408D-9173-985398A6AF1B}"
EndProject
Project("{2150E333-8FDC-42A3-9474-1A3956D46DE8}") = "Solution Items", "Solution Items", "{EC6146CB-A091-44AC-B6C1-E5B90729E1AC}"
	ProjectSection(SolutionItems) = preProject
		docker-compose.yml = docker-compose.yml
	EndProjectSection
EndProject
Project("{FAE04EC0-301F-11D3-BF4B-00C04F79EFBC}") = "Basket.API", "Services\Basket\Basket.API\Basket.API.csproj", "{9F7B644C-6DE4-4185-94D4-9B3F5EDD03D1}"
EndProject
Project("{FAE04EC0-301F-11D3-BF4B-00C04F79EFBC}") = "Identity.API", "Services\Identity\Identity.API\Identity.API.csproj", "{24784C2C-0CAD-4B13-84F0-B812456706A7}"
EndProject
Project("{FAE04EC0-301F-11D3-BF4B-00C04F79EFBC}") = "Discount.API", "Services\Discount\Discount.API\Discount.API.csproj", "{C3FC9DC7-2F50-4887-B29B-97A3037631AA}"
EndProject
Global
	GlobalSection(SolutionConfigurationPlatforms) = preSolution
		Debug|Any CPU = Debug|Any CPU
		Release|Any CPU = Release|Any CPU
	EndGlobalSection
	GlobalSection(ProjectConfigurationPlatforms) = postSolution
		{0D3B63C4-D002-408D-9173-985398A6AF1B}.Debug|Any CPU.ActiveCfg = Debug|Any CPU
		{0D3B63C4-D002-408D-9173-985398A6AF1B}.Debug|Any CPU.Build.0 = Debug|Any CPU
		{0D3B63C4-D002-408D-9173-985398A6AF1B}.Release|Any CPU.ActiveCfg = Release|Any CPU
		{0D3B63C4-D002-408D-9173-985398A6AF1B}.Release|Any CPU.Build.0 = Release|Any CPU
		{9F7B644C-6DE4-4185-94D4-9B3F5EDD03D1}.Debug|Any CPU.ActiveCfg = Debug|Any CPU
		{9F7B644C-6DE4-4185-94D4-9B3F5EDD03D1}.Debug|Any CPU.Build.0 = Debug|Any CPU
		{9F7B644C-6DE4-4185-94D4-9B3F5EDD03D1}.Release|Any CPU.ActiveCfg = Release|Any CPU
		{9F7B644C-6DE4-4185-94D4-9B3F5EDD03D1}.Release|Any CPU.Build.0 = Release|Any CPU
		{24784C2C-0CAD-4B13-84F0-B812456706A7}.Debug|Any CPU.ActiveCfg = Debug|Any CPU
		{24784C2C-0CAD-4B13-84F0-B812456706A7}.Debug|Any CPU.Build.0 = Debug|Any CPU
		{24784C2C-0CAD-4B13-84F0-B812456706A7}.Release|Any CPU.ActiveCfg = Release|Any CPU
		{24784C2C-0CAD-4B13-84F0-B812456706A7}.Release|Any CPU.Build.0 = Release|Any CPU
		{C3FC9DC7-2F50-4887-B29B-97A3037631AA}.Debug|Any CPU.ActiveCfg = Debug|Any CPU
		{C3FC9DC7-2F50-4887-B29B-97A3037631AA}.Debug|Any CPU.Build.0 = Debug|Any CPU
		{C3FC9DC7-2F50-4887-B29B-97A3037631AA}.Release|Any CPU.ActiveCfg = Release|Any CPU
		{C3FC9DC7-2F50-4887-B29B-97A3037631AA}.Release|Any CPU.Build.0 = Release|Any CPU
	EndGlobalSection
EndGlobal
